lockfileVersion: '9.0'

settings:
  autoInstallPeers: true
  excludeLinksFromLockfile: false

importers:

  .:
    dependencies:
      firebase:
        specifier: ^12.19.0
        version: 12.19.0
      next:
        specifier: 15.6.0-canary.60
        version: 15.6.0-canary.60(react-dom@19.0.0(react@19.0.0))(react@19.0.0)
      react:
        specifier: 19.0.0
        version: 19.0.0
      react-dom:
        specifier: 19.0.0
        version: 19.0.0(react@19.0.0)
    devDependencies:
      '@types/node':
        specifier: 22.13.10
        version: 22.13.10
      '@types/react':
        specifier: 19.0.12
        version: 19.0.12
      '@types/react-dom':
        specifier: 19.0.4
        version: 19.0.4(@types/react@19.0.12)
      typescript:
        specifier: 5.8.2
        version: 5.8.2

packages:

  '@emnapi/runtime@1.7.1':
    resolution: {integrity: sha512-PVtJr5CmLwYAU9PZDMITZoR5iAOShYREoR45EyyLrbntV50mdePTgUn4AmOw90Ifcj+x2kRjdzr1HP3RrNiHGA==}

  '@firebase/ai@2.16.0':
    resolution: {integrity: sha512-WRVxl58B61Orwf7st7949ZIW2L4huV80Gpaum1z8v2eH+m2xaxWtC8mOjQyVAOirr6O/yf89cBjlPvoyBpBfTg==}
    engines: {node: '>=20.0.0'}
    peerDependencies:
      '@firebase/app': 0.x
      '@firebase/app-types': 0.x

  '@firebase/analytics-compat@0.2.31':
    resolution: {integrity: sha512-msTlG9REujk5rjtOHNLngiuPmvaWGQte8ugL4/F6ZCMb+92Ue7SgjSEpNxINkM8ZtTrbGS83j5SZkt0r+M1Tjw==}
    peerDependencies:
      '@firebase/app': 0.x
      '@firebase/app-compat': 0.x

  '@firebase/analytics-types@0.8.5':
    resolution: {integrity: sha512-kdnooE7Bis2jEnsqcerRwn/UQpH5D3uvHpku7OdUM9TJN3omlu6iYtbyAQ6XkAJRgJtO0aNf9OOkW8J6D59oCA==}

  '@firebase/analytics@0.10.25':
    resolution: {integrity: sha512-oDagV3PHeNXBdxemksZCdj+GmUT19eCnTOcLdQePIIovFXlm3zWy3Gjeaokt9Nqx24kc4ljK8lU0XGcGmmKZ1A==}
    peerDependencies:
      '@firebase/app': 0.x

  '@firebase/app-check-compat@0.4.7':
    resolution: {integrity: sha512-fBb/xSMyIKv1nDmccfzz3IAGBzx/cQOxmZai66rJzifb1hMMkztf824Xx7LhpTUe7HNUbXwY90IvJ66fi8q6yg==}
    engines: {node: '>=20.0.0'}
    peerDependencies:
      '@firebase/app': 0.x
      '@firebase/app-compat': 0.x

  '@firebase/app-check-interop-types@0.3.5':
    resolution: {integrity: sha512-qId34pVZ2CXTmtu4ofW5leiI93DvnOvIcr/5GT7MZPw5WXAi6nZoU+g9cNRgl7K90UJSbK0cXxten4meYMPyZg==}

  '@firebase/app-check-types@0.5.5':
    resolution: {integrity: sha512-+DF4gzFrlwGFyky38o4T/YN/r51l70yCtJ2HTkwmRj8FCMwPjm4hLH4fQbj6BUvzkiFqliBkitFsRpf1/YZkWA==}

  '@firebase/app-check@0.13.1':
    resolution: {integrity: sha512-l8y3dmnhodXks/APAwx4tWqRl3tk8b9874KF1FJyKg1DIU+kMD0l52iz7S9/MW+eK8k6cjJg0G0iJ5KQAsQpow==}
    engines: {node: '>=20.0.0'}
    peerDependencies:
      '@firebase/app': 0.x

  '@firebase/app-compat@0.5.18':
    resolution: {integrity: sha512-77H57WuGEsgrv59HdtuhHG+eQdP8di6myz7O93yW6yTZlR/tLSmsCxCq5vHp6AWWDwSV0EVtKUvizXQiQZVBWA==}
    engines: {node: '>=20.0.0'}

  '@firebase/app-types@0.9.6':
    resolution: {integrity: sha512-yPLahy7Esfu2w/yme3msVK4xTkDXQqq6szfQn8yVOQpCKiT5GVFjqNpLbuz6NkX0WuTwUidkmPewW3r4xkvpeg==}

  '@firebase/app@0.16.2':
    resolution: {integrity: sha512-fyCLPahl3r0Zb7Wzm+JLWcOOH3SaDgAyJzJ8EWIDiv51aNiv+2Pjbpa6myEuP7iXxjmJqrcbVm0GUF7h229T1Q==}
    engines: {node: '>=20.0.0'}

  '@firebase/auth-compat@0.6.11':
    resolution: {integrity: sha512-L+xp3DTJQrBV08Vt0UhcL/ofUOSjXom7JOJfbT6oas4o7gCrQnTYFKs8wfiuKLmHoo8BxMr5LdgjAs7o6aAsqQ==}
    engines: {node: '>=20.0.0'}
    peerDependencies:
      '@firebase/app': 0.x
      '@firebase/app-compat': 0.x

  '@firebase/auth-interop-types@0.2.6':
    resolution: {integrity: sha512-FgwZqDrBqgK0BHI70QTv1v/5wmuDF9f8fsJFvKSxoRlK2PPfSQtZAk2jhXu4pe9BZzFi/e4UYusU/bEQHdf6Qg==}

  '@firebase/auth-types@0.13.2':
    resolution: {integrity: sha512-OU+miuoSxIWYN7GT291d2ylVJBL3k/OePo7/JDSoQtkFQoEiGBc4AHuMjj/seqFIsHrqnjrAfRCk4pfufoJolQ==}
    peerDependencies:
      '@firebase/app-types': 0.x
      '@firebase/util': 1.x

  '@firebase/auth@1.13.6':
    resolution: {integrity: sha512-MKRLvF72HJ/irNn2fJR0Gv5FOZNtqv1IBeJHRwK8l8pZ/wi9vuUw8ecyCMvQDDNxfS6uW0MWACL5KC4Y8Pp+fA==}
    engines: {node: '>=20.0.0'}
    peerDependencies:
      '@firebase/app': 0.x
      '@react-native-async-storage/async-storage': ^2.2.0 || ^3.0.0
    peerDependenciesMeta:
      '@react-native-async-storage/async-storage':
        optional: true

  '@firebase/component@0.7.5':
    resolution: {integrity: sha512-vuFDcL91Q+2ZuBJkyOh86T4q0B4ffNTDjc/A38tybO56odQABxRTFLTIowCWqAKeIcgo37GowWMVgFF73gD8Qw==}
    engines: {node: '>=20.0.0'}

  '@firebase/data-connect@0.7.4':
    resolution: {integrity: sha512-su1aGWlzhxb+xtggCUSsufJn1FDa06SBDK71y+fpQ+g2zMhMExik6FUv/odkKzOF/xfWVjabCbWBcjJY3MceDA==}
    peerDependencies:
      '@firebase/app': 0.x

  '@firebase/database-compat@2.1.7':
    resolution: {integrity: sha512-lBq9sJm8MnJINKJnkAKSOj2MbC66xGoSVCcGkPtstl+lkoKEBtD46qHLbuDgW/WbLPoKVm17RIN8BxHj+Z2F2w==}
    engines: {node: '>=20.0.0'}
    peerDependencies:
      '@firebase/app': 0.x
      '@firebase/app-compat': 0.x
    peerDependenciesMeta:
      '@firebase/app':
        optional: true
      '@firebase/app-compat':
        optional: true

  '@firebase/database-types@1.0.22':
    resolution: {integrity: sha512-YAZNXsjY9EQQ+pKw/3ax8n5FgolHC7Qew7EY5RceYdl0R2ZP+kCv1O0DkKlcceue8uQCOreHCNN7PWVFpY1Nug==}

  '@firebase/database@1.1.5':
    resolution: {integrity: sha512-/JGpvszLoNXNgzilRXocigGfFF4hbcPA9wN1i1kjJx6oKkXgkHteZYl3lQs1lJX3ETDf6bv7zI15lPMVUp4sAQ==}
    engines: {node: '>=20.0.0'}

  '@firebase/firestore-compat@0.4.14':
    resolution: {integrity: sha512-HJ2HBNgNPrRsWIJ4E+Kc0u0h1U7HlF7If8AtYjie9HZXlMUmwYSJaXBj9VFm6gkSj5dlKZNcOQ0Ou25CVVG6rA==}
    engines: {node: '>=20.0.0'}
    peerDependencies:
      '@firebase/app': 0.x
      '@firebase/app-compat': 0.x

  '@firebase/firestore-types@3.0.5':
    resolution: {integrity: sha512-dbdMAQkMd5dwWc48eupz/Y6/E9ruat3+gY5lhVKscvvT/HnDBEEMzJW38zdKhgdnglZHGk2vUsJMOHAphMHGMA==}
    peerDependencies:
      '@firebase/app-types': 0.x
      '@firebase/util': 1.x

  '@firebase/firestore@4.17.2':
    resolution: {integrity: sha512-SiyQEK1dYPOjItFVA+kZGdvOoRAtMebDBvUaSxJPNZMkKcRwYYK2kzWo5UXTZZj523uMxJnkr+KKVySEMme3kQ==}
    engines: {node: '>=20.0.0'}
    peerDependencies:
      '@firebase/app': 0.x

  '@firebase/functions-compat@0.5.0':
    resolution: {integrity: sha512-T3BDIToESZUHt7438wyKYMkRjKg3m1xAIux5fVpNvTRQlDOFLukWniQWBDhJ2znpU9kxMTR6+e31TVo8P15PZw==}
    engines: {node: '>=20.0.0'}
    peerDependencies:
      '@firebase/app': 0.x
      '@firebase/app-compat': 0.x

  '@firebase/functions-types@0.6.5':
    resolution: {integrity: sha512-Zc0pURjthHXzSj54ZivCkzKDSV1r/wIpnmHdhq82q2yFFPVoncG/ZJjnVMiANvQfeww/QnElhzODpfwUucVwdA==}

  '@firebase/functions@0.14.0':
    resolution: {integrity: sha512-DhuYFr0eMhp+s/PNEk6SiMsYkc00+XVOUeKbrl8MOzQNZI3SKQpqoDR1d+keNDAutwmHRWTUAdXBoVPD+xxVUw==}
    engines: {node: '>=20.0.0'}
    peerDependencies:
      '@firebase/app': 0.x

  '@firebase/installations-compat@0.2.24':
    resolution: {integrity: sha512-8M5nlcWwYt881x83COP2odq5vgf+NgwJh+RMd4LRSv8JI1pxwDfgrDJOERrjTgfC9J5Z0vnQX4b1pdN914e0Zw==}
    peerDependencies:
      '@firebase/app': 0.x
      '@firebase/app-compat': 0.x

  '@firebase/installations-types@0.5.5':
    resolution: {integrity: sha512-e9UYcju3puDl1vdrcKIi5dExzHLameOT/Tc61Q48PYwxtsM1NzZh/ikGbdBQTsbRgg0EMZqdPr0/m5ODUBobrg==}
    peerDependencies:
      '@firebase/app-types': 0.x

  '@firebase/installations@0.6.24':
    resolution: {integrity: sha512-Ui52ey8wHoWqkBbXRKJEKYWylI0JZogZmoLS+o8Anh1bxWtK27ZYjLla1UJAAdC5DCKLJ2qAp0VpJOjg8VOX1g==}
    peerDependencies:
      '@firebase/app': 0.x

  '@firebase/logger@0.5.2':
    resolution: {integrity: sha512-J2VO4NFTc0xQFrxV1B/lm5balicm9cwuX2acR9Yn41fN8KgUeQFo+VJV222IqW2FPSXKDu9uo5WdQFWf9TPbYg==}
    engines: {node: '>=20.0.0'}

  '@firebase/messaging-compat@0.2.30':
    resolution: {integrity: sha512-m1DPT2ET5x0qYqXLoHwKMAyf1mgZZOhuoE6H6/H4OPsp8zSxMIDEFPaW7MaffPJsCA5J7kHzo+BHVNXK4ZoV+w==}
    peerDependencies:
      '@firebase/app': 0.x
      '@firebase/app-compat': 0.x

  '@firebase/messaging-interop-types@0.2.6':
    resolution: {integrity: sha512-MVzvkKe2V4H2dHu5oOxRfeKQcfTwWmCgnzsC4V1q3ixun5iiL8riCZ2qI35rDhCL4glPGiu0jHxDbpVNuTKfow==}

  '@firebase/messaging@0.13.3':
    resolution: {integrity: sha512-nRXPAp+z0kA3KziJtRY9kktHECvRwaaONzHvislFgllhCwJMscW7icWNQA5IjyP8Uc2+GS/4px8Uz6rx6ftTag==}
    peerDependencies:
      '@firebase/app': 0.x

  '@firebase/performance-compat@0.2.27':
    resolution: {integrity: sha512-O/ozTf/EbChN94Pk7bd1eUC0PAC36726AwsaiJyC0bZzSBWfLGSWASGPH5pebUWXQPJtGxIJYRkkbX5l0Qa+Hw==}
    peerDependencies:
      '@firebase/app': 0.x
      '@firebase/app-compat': 0.x

  '@firebase/performance-types@0.2.5':
    resolution: {integrity: sha512-PRzOgB+/M+6AKlEkY8a9xy5Ff5SfZPIh4iShXhn2WAcL/euSbK7bdLqWysHduunNJhGFsXa22Ag3ixqL6rQtYg==}

  '@firebase/performance@0.7.14':
    resolution: {integrity: sha512-9PH1XEZVHErxGdbXluvGz4Uyjw4W955H8v7Mv9rHIybRrg5F2Ac2tvf5+mSf5EtnxWNmxrD2WLnvMFaZP4sMrQ==}
    peerDependencies:
      '@firebase/app': 0.x

  '@firebase/remote-config-compat@0.2.29':
    resolution: {integrity: sha512-mY7JtTISK6F4g4T0x3kVepr5cp0NXL7f5yjIUXXGaTrg4qUlFBWRbENaHaqZ78dwmNcLm24h/yPsOVRlDXEXhA==}
    peerDependencies:
      '@firebase/app': 0.x
      '@firebase/app-compat': 0.x

  '@firebase/remote-config-types@0.5.2':
    resolution: {integrity: sha512-i8k1omVfoAnaT1ZPv2FFjxMZrATYsO/GnFgHEj5+7fAJLzi8wLnGGv1WK06oEAD6ltrWXSO1HzeNyajn/NjMWw==}

  '@firebase/remote-config@0.9.2':
    resolution: {integrity: sha512-Rii93DkXjM+RE/ytHdYa7EIiQLJbdBr+W8EEiqd/vbLCOC+1FdkDuRiumJBp6t3yewHGbdqbpjB3fk3z0cZ+8g==}
    peerDependencies:
      '@firebase/app': 0.x

  '@firebase/storage-compat@0.4.5':
    resolution: {integrity: sha512-vO0tFPxXbKDKdlTu8tYT08S9t9ezUTJYEdLCULpWxWq2aq6zojwN1QmAB+1a50AI/g47GlWUJn1XPncm/PDZsw==}
    engines: {node: '>=20.0.0'}
    peerDependencies:
      '@firebase/app': 0.x
      '@firebase/app-compat': 0.x

  '@firebase/storage-types@0.8.5':
    resolution: {integrity: sha512-GEDs5P+rNUfNcS+wxIdOLAHficife2YXtvTJnyi3ssrX11AAtBg+nDUdbYh8vuBzWehVQZPmztGUUnud4L+4yg==}
    peerDependencies:
      '@firebase/app-types': 0.x
      '@firebase/util': 1.x

  '@firebase/storage@0.14.5':
    resolution: {integrity: sha512-r2tozN/BlEewLi70tJNUQPzWwbex9GM7NgXZsamHKQrjKEfcR0i4jGgHBKAKA4hbwiPE9eNMb3hcxWnDpeJZwg==}
    engines: {node: '>=20.0.0'}
    peerDependencies:
      '@firebase/app': 0.x

  '@firebase/util@1.15.3':
    resolution: {integrity: sha512-c/z/gaIlaaLZEuGbE6sLUuJ61tskg1JghvhcNQzW948ASBinbVBBRnZTC4b4yt4LaEtJQkYlyzqLHcutFwEIvA==}
    engines: {node: '>=20.0.0'}

  '@firebase/webchannel-wrapper@1.0.7':
    resolution: {integrity: sha512-phBFwieDLvkZGYN9CE9ZFNEIoBVksprzsnCzQejCmCHtgwCXReeuRpoEGN9C4EbhONztv8NRV1tau6Rb9pONwQ==}

  '@grpc/grpc-js@1.9.16':
    resolution: {integrity: sha512-wE4Ut/olIzfKqp631XrG+wbF0v1vWFN4YL9FyXC2LJiG33DsV7PLzURjrCvY/6je2ntdRkeLpPDluzSRGaVltQ==}
    engines: {node: ^8.13.0 || >=10.10.0}

  '@grpc/proto-loader@0.7.15':
    resolution: {integrity: sha512-tMXdRCfYVixjuFK+Hk0Q1s38gV9zDiDJfWL3h1rv4Qc39oILCu1TRTDt7+fGUI8K4G1Fj125Hx/ru3azECWTyQ==}
    engines: {node: '>=6'}
    hasBin: true

  '@img/colour@1.0.0':
    resolution: {integrity: sha512-A5P/LfWGFSl6nsckYtjw9da+19jB8hkJ6ACTGcDfEJ0aE+l2n2El7dsVM7UVHZQ9s2lmYMWlrS21YLy2IR1LUw==}
    engines: {node: '>=18'}

  '@img/sharp-darwin-arm64@0.34.5':
    resolution: {integrity: sha512-imtQ3WMJXbMY4fxb/Ndp6HBTNVtWCUI0WdobyheGf5+ad6xX8VIDO8u2xE4qc/fr08CKG/7dDseFtn6M6g/r3w==}
    engines: {node: ^18.17.0 || ^20.3.0 || >=21.0.0}
    cpu: [arm64]
    os: [darwin]

  '@img/sharp-darwin-x64@0.34.5':
    resolution: {integrity: sha512-YNEFAF/4KQ/PeW0N+r+aVVsoIY0/qxxikF2SWdp+NRkmMB7y9LBZAVqQ4yhGCm/H3H270OSykqmQMKLBhBJDEw==}
    engines: {node: ^18.17.0 || ^20.3.0 || >=21.0.0}
    cpu: [x64]
    os: [darwin]

  '@img/sharp-libvips-darwin-arm64@1.2.4':
    resolution: {integrity: sha512-zqjjo7RatFfFoP0MkQ51jfuFZBnVE2pRiaydKJ1G/rHZvnsrHAOcQALIi9sA5co5xenQdTugCvtb1cuf78Vf4g==}
    cpu: [arm64]
    os: [darwin]

  '@img/sharp-libvips-darwin-x64@1.2.4':
    resolution: {integrity: sha512-1IOd5xfVhlGwX+zXv2N93k0yMONvUlANylbJw1eTah8K/Jtpi15KC+WSiaX/nBmbm2HxRM1gZ0nSdjSsrZbGKg==}
    cpu: [x64]
    os: [darwin]

  '@img/sharp-libvips-linux-arm64@1.2.4':
    resolution: {integrity: sha512-excjX8DfsIcJ10x1Kzr4RcWe1edC9PquDRRPx3YVCvQv+U5p7Yin2s32ftzikXojb1PIFc/9Mt28/y+iRklkrw==}
    cpu: [arm64]
    os: [linux]

  '@img/sharp-libvips-linux-arm@1.2.4':
    resolution: {integrity: sha512-bFI7xcKFELdiNCVov8e44Ia4u2byA+l3XtsAj+Q8tfCwO6BQ8iDojYdvoPMqsKDkuoOo+X6HZA0s0q11ANMQ8A==}
    cpu: [arm]
    os: [linux]

  '@img/sharp-libvips-linux-ppc64@1.2.4':
    resolution: {integrity: sha512-FMuvGijLDYG6lW+b/UvyilUWu5Ayu+3r2d1S8notiGCIyYU/76eig1UfMmkZ7vwgOrzKzlQbFSuQfgm7GYUPpA==}
    cpu: [ppc64]
    os: [linux]

  '@img/sharp-libvips-linux-riscv64@1.2.4':
    resolution: {integrity: sha512-oVDbcR4zUC0ce82teubSm+x6ETixtKZBh/qbREIOcI3cULzDyb18Sr/Wcyx7NRQeQzOiHTNbZFF1UwPS2scyGA==}
    cpu: [riscv64]
    os: [linux]

  '@img/sharp-libvips-linux-s390x@1.2.4':
    resolution: {integrity: sha512-qmp9VrzgPgMoGZyPvrQHqk02uyjA0/QrTO26Tqk6l4ZV0MPWIW6LTkqOIov+J1yEu7MbFQaDpwdwJKhbJvuRxQ==}
    cpu: [s390x]
    os: [linux]

  '@img/sharp-libvips-linux-x64@1.2.4':
    resolution: {integrity: sha512-tJxiiLsmHc9Ax1bz3oaOYBURTXGIRDODBqhveVHonrHJ9/+k89qbLl0bcJns+e4t4rvaNBxaEZsFtSfAdquPrw==}
    cpu: [x64]
    os: [linux]

  '@img/sharp-libvips-linuxmusl-arm64@1.2.4':
    resolution: {integrity: sha512-FVQHuwx1IIuNow9QAbYUzJ+En8KcVm9Lk5+uGUQJHaZmMECZmOlix9HnH7n1TRkXMS0pGxIJokIVB9SuqZGGXw==}
    cpu: [arm64]
    os: [linux]

  '@img/sharp-libvips-linuxmusl-x64@1.2.4':
    resolution: {integrity: sha512-+LpyBk7L44ZIXwz/VYfglaX/okxezESc6UxDSoyo2Ks6Jxc4Y7sGjpgU9s4PMgqgjj1gZCylTieNamqA1MF7Dg==}
    cpu: [x64]
    os: [linux]

  '@img/sharp-linux-arm64@0.34.5':
    resolution: {integrity: sha512-bKQzaJRY/bkPOXyKx5EVup7qkaojECG6NLYswgktOZjaXecSAeCWiZwwiFf3/Y+O1HrauiE3FVsGxFg8c24rZg==}
    engines: {node: ^18.17.0 || ^20.3.0 || >=21.0.0}
    cpu: [arm64]
    os: [linux]

  '@img/sharp-linux-arm@0.34.5':
    resolution: {integrity: sha512-9dLqsvwtg1uuXBGZKsxem9595+ujv0sJ6Vi8wcTANSFpwV/GONat5eCkzQo/1O6zRIkh0m/8+5BjrRr7jDUSZw==}
    engines: {node: ^18.17.0 || ^20.3.0 || >=21.0.0}
    cpu: [arm]
    os: [linux]

  '@img/sharp-linux-ppc64@0.34.5':
    resolution: {integrity: sha512-7zznwNaqW6YtsfrGGDA6BRkISKAAE1Jo0QdpNYXNMHu2+0dTrPflTLNkpc8l7MUP5M16ZJcUvysVWWrMefZquA==}
    engines: {node: ^18.17.0 || ^20.3.0 || >=21.0.0}
    cpu: [ppc64]
    os: [linux]

  '@img/sharp-linux-riscv64@0.34.5':
    resolution: {integrity: sha512-51gJuLPTKa7piYPaVs8GmByo7/U7/7TZOq+cnXJIHZKavIRHAP77e3N2HEl3dgiqdD/w0yUfiJnII77PuDDFdw==}
    engines: {node: ^18.17.0 || ^20.3.0 || >=21.0.0}
    cpu: [riscv64]
    os: [linux]

  '@img/sharp-linux-s390x@0.34.5':
    resolution: {integrity: sha512-nQtCk0PdKfho3eC5MrbQoigJ2gd1CgddUMkabUj+rBevs8tZ2cULOx46E7oyX+04WGfABgIwmMC0VqieTiR4jg==}
    engines: {node: ^18.17.0 || ^20.3.0 || >=21.0.0}
    cpu: [s390x]
    os: [linux]

  '@img/sharp-linux-x64@0.34.5':
    resolution: {integrity: sha512-MEzd8HPKxVxVenwAa+JRPwEC7QFjoPWuS5NZnBt6B3pu7EG2Ge0id1oLHZpPJdn3OQK+BQDiw9zStiHBTJQQQQ==}
    engines: {node: ^18.17.0 || ^20.3.0 || >=21.0.0}
    cpu: [x64]
    os: [linux]

  '@img/sharp-linuxmusl-arm64@0.34.5':
    resolution: {integrity: sha512-fprJR6GtRsMt6Kyfq44IsChVZeGN97gTD331weR1ex1c1rypDEABN6Tm2xa1wE6lYb5DdEnk03NZPqA7Id21yg==}
    engines: {node: ^18.17.0 || ^20.3.0 || >=21.0.0}
    cpu: [arm64]
    os: [linux]

  '@img/sharp-linuxmusl-x64@0.34.5':
    resolution: {integrity: sha512-Jg8wNT1MUzIvhBFxViqrEhWDGzqymo3sV7z7ZsaWbZNDLXRJZoRGrjulp60YYtV4wfY8VIKcWidjojlLcWrd8Q==}
    engines: {node: ^18.17.0 || ^20.3.0 || >=21.0.0}
    cpu: [x64]
    os: [linux]

  '@img/sharp-wasm32@0.34.5':
    resolution: {integrity: sha512-OdWTEiVkY2PHwqkbBI8frFxQQFekHaSSkUIJkwzclWZe64O1X4UlUjqqqLaPbUpMOQk6FBu/HtlGXNblIs0huw==}
    engines: {node: ^18.17.0 || ^20.3.0 || >=21.0.0}
    cpu: [wasm32]

  '@img/sharp-win32-arm64@0.34.5':
    resolution: {integrity: sha512-WQ3AgWCWYSb2yt+IG8mnC6Jdk9Whs7O0gxphblsLvdhSpSTtmu69ZG1Gkb6NuvxsNACwiPV6cNSZNzt0KPsw7g==}
    engines: {node: ^18.17.0 || ^20.3.0 || >=21.0.0}
    cpu: [arm64]
    os: [win32]

  '@img/sharp-win32-ia32@0.34.5':
    resolution: {integrity: sha512-FV9m/7NmeCmSHDD5j4+4pNI8Cp3aW+JvLoXcTUo0IqyjSfAZJ8dIUmijx1qaJsIiU+Hosw6xM5KijAWRJCSgNg==}
    engines: {node: ^18.17.0 || ^20.3.0 || >=21.0.0}
    cpu: [ia32]
    os: [win32]

  '@img/sharp-win32-x64@0.34.5':
    resolution: {integrity: sha512-+29YMsqY2/9eFEiW93eqWnuLcWcufowXewwSNIT6UwZdUUCrM3oFjMWH/Z6/TMmb4hlFenmfAVbpWeup2jryCw==}
    engines: {node: ^18.17.0 || ^20.3.0 || >=21.0.0}
    cpu: [x64]
    os: [win32]

  '@next/env@15.6.0-canary.60':
    resolution: {integrity: sha512-VVoy8NpkI2ngEr3RsD8jzum8SbXisObkvcCMBJeiWRSMOtACIm6kbnTYjgLWeGEwHHKsVBdeJpnf558rF6ktbw==}

  '@next/swc-darwin-arm64@15.6.0-canary.58':
    resolution: {integrity: sha512-jGawwiKITJHOH8dSbTqfjVvCf+DesljZhtvh9LKCrO+1octLlGyDAbEQw5WEzrXCch5LWrdSqPyKft0/9LeniA==}
    engines: {node: '>= 10'}
    cpu: [arm64]
    os: [darwin]

  '@next/swc-darwin-x64@15.6.0-canary.58':
    resolution: {integrity: sha512-iD15Eav7Y7lQOCFvsPf9NMwo3dFrHZMX4wghrEysLuwOEJC9zM0jOSb1hdSqZwf1Odn86CIiJUvXH1UcfAm6og==}
    engines: {node: '>= 10'}
    cpu: [x64]
    os: [darwin]

  '@next/swc-linux-arm64-gnu@15.6.0-canary.58':
    resolution: {integrity: sha512-b8ayBG/wrycIilOFP/zU6yPQI8UVMtrQfowNaoCvG7FIuu5Fpa7MwPEGWXPyvwn2qQM5fDSsVGQOrjQ6gWLTbA==}
    engines: {node: '>= 10'}
    cpu: [arm64]
    os: [linux]

  '@next/swc-linux-arm64-musl@15.6.0-canary.58':
    resolution: {integrity: sha512-KMYPUdBTAITdgxRNjMKdG85bHsn3wu0KWPV2nftoov2/dVs5eFJ47w+m4upPdTgBXRAHY50OvS/nzf5mN/TXeQ==}
    engines: {node: '>= 10'}
    cpu: [arm64]
    os: [linux]

  '@next/swc-linux-x64-gnu@15.6.0-canary.58':
    resolution: {integrity: sha512-myknT/if7wuwss0B/1Le7ymlN0Zr/DsfGji8b+XcqeFhoy1GxQerfTlrsblZTB6EIPIex1QPRUbpIcy+N9Qfpw==}
    engines: {node: '>= 10'}
    cpu: [x64]
    os: [linux]

  '@next/swc-linux-x64-musl@15.6.0-canary.58':
    resolution: {integrity: sha512-3A1YLtmuot0pnZqDHV2iAfUrvQS0zp7xXUlqNb8flAJAu1Civ+2qt94l0kTfUjWHtFFUENyt2yEcXEqxuxEJfg==}
    engines: {node: '>= 10'}
    cpu: [x64]
    os: [linux]

  '@next/swc-win32-arm64-msvc@15.6.0-canary.58':
    resolution: {integrity: sha512-3hkMBi/Zbatqi9vwnh1zuOWQerS4CtUptn9cj4NRtVAJurzhfQBwz8RJIq/5f85XDkq0LxDrhyABZ+6RU7Un7Q==}
    engines: {node: '>= 10'}
    cpu: [arm64]
    os: [win32]

  '@next/swc-win32-x64-msvc@15.6.0-canary.58':
    resolution: {integrity: sha512-CFB6BzqgYJ7yJvoji0KD5nWf88JN5/iliiLn/kfzxUMvfaKmoYLrGZwRuePrAwLdBpczEsgcmuER6YuT9/pZLw==}
    engines: {node: '>= 10'}
    cpu: [x64]
    os: [win32]

  '@protobufjs/aspromise@1.1.2':
    resolution: {integrity: sha512-j+gKExEuLmKwvz3OgROXtrJ2UG2x8Ch2YZUxahh+s1F2HZ+wAceUNLkvy6zKCPVRkU++ZWQrdxsUeQXmcg4uoQ==}

  '@protobufjs/base64@1.1.2':
    resolution: {integrity: sha512-AZkcAA5vnN/v4PDqKyMR5lx7hZttPDgClv83E//FMNhR2TMcLUhfRUBHCmSl0oi9zMgDDqRUJkSxO3wm85+XLg==}

  '@protobufjs/codegen@2.0.5':
    resolution: {integrity: sha512-zgXFLzW3Ap33e6d0Wlj4MGIm6Ce8O89n/apUaGNB/jx+hw+ruWEp7EwGUshdLKVRCxZW12fp9r40E1mQrf/34g==}

  '@protobufjs/eventemitter@1.1.1':
    resolution: {integrity: sha512-vW1GmwMZNnL+gMRaovlh9yZX74kc+TTU3FObkkurpMaRtBfLP3ldjS9KQWlwZgraRE0+dheEEoAxdzcJQ8eXZg==}

  '@protobufjs/fetch@1.1.1':
    resolution: {integrity: sha512-GpptLrs57adMSuHi3VNj0mAF8dwh36LMaYF6XyJ6JMWlVsc+t42tm1HSEDmOs3A8fC9yyeisgLhsTVQokOZ0zw==}

  '@protobufjs/float@1.0.2':
    resolution: {integrity: sha512-Ddb+kVXlXst9d+R9PfTIxh1EdNkgoRe5tOX6t01f1lYWOvJnSPDBlG241QLzcyPdoNTsblLUdujGSE4RzrTZGQ==}

  '@protobufjs/path@1.1.2':
    resolution: {integrity: sha512-6JOcJ5Tm08dOHAbdR3GrvP+yUUfkjG5ePsHYczMFLq3ZmMkAD98cDgcT2iA1lJ9NVwFd4tH/iSSoe44YWkltEA==}

  '@protobufjs/pool@1.1.0':
    resolution: {integrity: sha512-0kELaGSIDBKvcgS4zkjz1PeddatrjYcmMWOlAuAPwAeccUrPHdUqo/J6LiymHHEiJT5NrF1UVwxY14f+fy4WQw==}

  '@protobufjs/utf8@1.1.2':
    resolution: {integrity: sha512-b1UQwcEZ4yCnMCD8DAL1VlbvBJE9/IX4FTIp7BG1xYpf29SLazLSrqUkj4w7Y5y7cCVP6E5tcqqcI0xemPkHug==}

  '@swc/helpers@0.5.15':
    resolution: {integrity: sha512-JQ5TuMi45Owi4/BIMAJBoSQoOJu12oOk/gADqlcUL9JEdHB8vyjUSsxqeNXnmXHjYKMi2WcYtezGEEhqUI/E2g==}

  '@types/node@22.13.10':
    resolution: {integrity: sha512-I6LPUvlRH+O6VRUqYOcMudhaIdUVWfsjnZavnsraHvpBwaEyMN29ry+0UVJhImYL16xsscu0aske3yA+uPOWfw==}

  '@types/react-dom@19.0.4':
    resolution: {integrity: sha512-4fSQ8vWFkg+TGhePfUzVmat3eC14TXYSsiiDSLI0dVLsrm9gZFABjPy/Qu6TKgl1tq1Bu1yDsuQgY3A3DOjCcg==}
    peerDependencies:
      '@types/react': ^19.0.0

  '@types/react@19.0.12':
    resolution: {integrity: sha512-V6Ar115dBDrjbtXSrS+/Oruobc+qVbbUxDFC1RSbRqLt5SYvxxyIDrSC85RWml54g+jfNeEMZhEj7wW07ONQhA==}

  ansi-regex@5.0.1:
    resolution: {integrity: sha512-quJQXlTSUGL2LH9SUXo8VwsY4soanhgo6LNSm84E1LBcE8s3O0wpdiRzyR9z/ZZJMlMWv37qOOb9pdJlMUEKFQ==}
    engines: {node: '>=8'}

  ansi-styles@4.3.0:
    resolution: {integrity: sha512-zbB9rCJAT1rbjiVDb2hqKFHNYLxgtk8NURxZ3IZwD3F6NtxbXZQCnnSi1Lkx+IDohdPlFp222wVALIheZJQSEg==}
    engines: {node: '>=8'}

  caniuse-lite@1.0.30001706:
    resolution: {integrity: sha512-3ZczoTApMAZwPKYWmwVbQMFpXBDds3/0VciVoUwPUbldlYyVLmRVuRs/PcUZtHpbLRpzzDvrvnFuREsGt6lUug==}

  client-only@0.0.1:
    resolution: {integrity: sha512-IV3Ou0jSMzZrd3pZ48nLkT9DA7Ag1pnPzaiQhpW7c3RbcqqzvzzVu+L8gfqMp/8IM2MQtSiqaCxrrcfu8I8rMA==}

  cliui@8.0.1:
    resolution: {integrity: sha512-BSeNnyus75C4//NQ9gQt1/csTXyo/8Sb+afLAkzAptFuMsod9HFokGNudZpi/oQV73hnVK+sR+5PVRMd+Dr7YQ==}
    engines: {node: '>=12'}

  color-convert@2.0.1:
    resolution: {integrity: sha512-RRECPsj7iu/xb5oKYcsFHSppFNnsj/52OVTRKb4zP5onXwVF3zVmmToNcOfGC+CRDpfK/U584fMg38ZHCaElKQ==}
    engines: {node: '>=7.0.0'}

  color-name@1.1.4:
    resolution: {integrity: sha512-dOy+3AuW3a2wNbZHIuMZpTcgjGuLU/uBL/ubcZF9OXbDo8ff4O8yVp5Bf0efS8uEoYo5q4Fx7dY9OgQGXgAsQA==}

  csstype@3.1.3:
    resolution: {integrity: sha512-M1uQkMl8rQK/szD0LNhtqxIPLpimGm8sOBwU7lLnCpSbTyY3yeU1Vc7l4KT5zT4s/yOxHH5O7tIuuLOCnLADRw==}

  detect-libc@2.1.2:
    resolution: {integrity: sha512-Btj2BOOO83o3WyH59e8MgXsxEQVcarkUOpEYrubB0urwnN10yQ364rsiByU11nZlqWYZm05i/of7io4mzihBtQ==}
    engines: {node: '>=8'}

  emoji-regex@8.0.0:
    resolution: {integrity: sha512-MSjYzcWNOA0ewAHpz0MxpYFvwg6yjy1NG3xteoqz644VCo/RPgnr1/GGt+ic3iJTzQ8Eu3TdM14SawnVUmGE6A==}

  escalade@3.2.0:
    resolution: {integrity: sha512-WUj2qlxaQtO4g6Pq5c29GTcWGDyd8itL8zTlipgECz3JesAiiOKotd8JU6otB3PACgG6xkJUyVhboMS+bje/jA==}
    engines: {node: '>=6'}

  faye-websocket@0.11.4:
    resolution: {integrity: sha512-CzbClwlXAuiRQAlUyfqPgvPoNKTckTPGfwZV4ZdAhVcP2lh9KUxJg2b5GkE7XbjKQ3YJnQ9z6D9ntLAlB+tP8g==}
    engines: {node: '>=0.8.0'}

  firebase@12.19.0:
    resolution: {integrity: sha512-kwXCLcI0ly2lkwygkbuRx6SsX3DSO96355YrWh9SWZ5ncsxK/y5cirn3sY6nZVSiBVE++2nL6Hchzu1EB8uohQ==}

  get-caller-file@2.0.5:
    resolution: {integrity: sha512-DyFP3BM/3YHTQOCUL/w0OZHR0lpKeGrxotcHWcqNEdnltqFwXVfhEBQ94eIo34AfQpo0rGki4cyIiftY06h2Fg==}
    engines: {node: 6.* || 8.* || >= 10.*}

  http-parser-js@0.5.10:
    resolution: {integrity: sha512-Pysuw9XpUq5dVc/2SMHpuTY01RFl8fttgcyunjL7eEMhGM3cI4eOmiCycJDVCo/7O7ClfQD3SaI6ftDzqOXYMA==}

  idb@7.1.1:
    resolution: {integrity: sha512-gchesWBzyvGHRO9W8tzUWFDycow5gwjvFKfyV9FF32Y7F50yZMp7mP+T2mJIWFx49zicqyC4uefHM17o6xKIVQ==}

  is-fullwidth-code-point@3.0.0:
    resolution: {integrity: sha512-zymm5+u+sCsSWyD9qNaejV3DFvhCKclKdizYaJUuHA83RLjb7nSuGnddCHGv0hk+KY7BMAlsWeK4Ueg6EV6XQg==}
    engines: {node: '>=8'}

  lodash.camelcase@4.3.0:
    resolution: {integrity: sha512-TwuEnCnxbc3rAvhf/LbG7tJUDzhqXyFnv3dtzLOPgCG/hODL7WFnsbwktkD7yUV0RrreP/l1PALq/YSg6VvjlA==}

  long@5.3.2:
    resolution: {integrity: sha512-mNAgZ1GmyNhD7AuqnTG3/VQ26o760+ZYBPKjPvugO8+nLbYfX6TVpJPseBvopbdY+qpZ/lKUnmEc1LeZYS3QAA==}

  nanoid@3.3.11:
    resolution: {integrity: sha512-N8SpfPUnUp1bK+PMYW8qSWdl9U+wwNWI4QKxOYDy9JAro3WMX7p2OeVRF9v+347pnakNevPmiHhNmZ2HbFA76w==}
    engines: {node: ^10 || ^12 || ^13.7 || ^14 || >=15.0.1}
    hasBin: true

  next@15.6.0-canary.60:
    resolution: {integrity: sha512-E5gKHda+vdACO+/Bv53V3qcMrhmhH8UuctFSbNeCvnIfPoWPEUMHCB+hok7qxRlKwclXoQ5SUgUdgi6Ayzu5uA==}
    engines: {node: '>=20.9.0'}
    hasBin: true
    peerDependencies:
      '@opentelemetry/api': ^1.1.0
      '@playwright/test': ^1.51.1
      babel-plugin-react-compiler: '*'
      react: ^18.2.0 || 19.0.0-rc-de68d2f4-20241204 || ^19.0.0
      react-dom: ^18.2.0 || 19.0.0-rc-de68d2f4-20241204 || ^19.0.0
      sass: ^1.3.0
    peerDependenciesMeta:
      '@opentelemetry/api':
        optional: true
      '@playwright/test':
        optional: true
      babel-plugin-react-compiler:
        optional: true
      sass:
        optional: true

  picocolors@1.1.1:
    resolution: {integrity: sha512-xceH2snhtb5M9liqDsmEw56le376mTZkEX/jEb/RxNFyegNul7eNslCXP9FDj/Lcu0X8KEyMceP2ntpaHrDEVA==}

  postcss@8.4.31:
    resolution: {integrity: sha512-PS08Iboia9mts/2ygV3eLpY5ghnUcfLV/EXTOW1E2qYxJKGGBUtNjN76FYHnMs36RmARn41bC0AZmn+rR0OVpQ==}
    engines: {node: ^10 || ^12 || >=14}

  protobufjs@7.6.6:
    resolution: {integrity: sha512-dYDWdjSl5RNb7SgPxGQcRU+GtvP7s2fpkrY0r432PcOIaZ0/rBcxEZnQN67iJhFuQiVw754JDoPruPCNdGsbjg==}
    engines: {node: '>=12.0.0'}

  re2js@2.8.6:
    resolution: {integrity: sha512-xLgQil4kIUCrAzVk9fRSkxkFNwmygLFjVxXrLc65aE1F0+Zsb8rxumFBy4XKyvgMCTL6kilDq3EZ0piE2dP/Dg==}
    engines: {node: '>=18.0.0'}

  react-dom@19.0.0:
    resolution: {integrity: sha512-4GV5sHFG0e/0AD4X+ySy6UJd3jVl1iNsNHdpad0qhABJ11twS3TTBnseqsKurKcsNqCEFeGL3uLpVChpIO3QfQ==}
    peerDependencies:
      react: ^19.0.0

  react@19.0.0:
    resolution: {integrity: sha512-V8AVnmPIICiWpGfm6GLzCR/W5FXLchHop40W4nXBmdlEceh16rCN8O8LNWm5bh5XUX91fh7KpA+W0TgMKmgTpQ==}
    engines: {node: '>=0.10.0'}

  require-directory@2.1.1:
    resolution: {integrity: sha512-fGxEI7+wsG9xrvdjsrlmL22OMTTiHRwAMroiEeMgq8gzoLC/PQr7RsRDSTLUg/bZAZtF+TVIkHc6/4RIKrui+Q==}
    engines: {node: '>=0.10.0'}

  safe-buffer@5.2.1:
    resolution: {integrity: sha512-rp3So07KcdmmKbGvgaNxQSJr7bGVSVk5S9Eq1F+ppbRo70+YeaDxkw5Dd8NPN+GD6bjnYm2VuPuCXmpuYvmCXQ==}

  scheduler@0.25.0:
    resolution: {integrity: sha512-xFVuu11jh+xcO7JOAGJNOXld8/TcEHK/4CituBUeUb5hqxJLj9YuemAEuvm9gQ/+pgXYfbQuqAkiYu+u7YEsNA==}

  semver@7.7.3:
    resolution: {integrity: sha512-SdsKMrI9TdgjdweUSR9MweHA4EJ8YxHn8DFaDisvhVlUOe4BF1tLD7GAj0lIqWVl+dPb/rExr0Btby5loQm20Q==}
    engines: {node: '>=10'}
    hasBin: true

  sharp@0.34.5:
    resolution: {integrity: sha512-Ou9I5Ft9WNcCbXrU9cMgPBcCK8LiwLqcbywW3t4oDV37n1pzpuNLsYiAV8eODnjbtQlSDwZ2cUEeQz4E54Hltg==}
    engines: {node: ^18.17.0 || ^20.3.0 || >=21.0.0}

  source-map-js@1.2.1:
    resolution: {integrity: sha512-UXWMKhLOwVKb728IUtQPXxfYU+usdybtUrK/8uGE8CQMvrhOpwvzDBwj0QhSL7MQc7vIsISBG8VQ8+IDQxpfQA==}
    engines: {node: '>=0.10.0'}

  string-width@4.2.3:
    resolution: {integrity: sha512-wKyQRQpjJ0sIp62ErSZdGsjMJWsap5oRNihHhu6G7JVO/9jIB6UyevL+tXuOqrng8j/cxKTWyWUwvSTriiZz/g==}
    engines: {node: '>=8'}

  strip-ansi@6.0.1:
    resolution: {integrity: sha512-Y38VPSHcqkFrCpFnQ9vuSXmquuv5oXOKpGeT6aGrr3o3Gc9AlVa6JBfUSOCnbxGGZF+/0ooI7KrPuUSztUdU5A==}
    engines: {node: '>=8'}

  styled-jsx@5.1.6:
    resolution: {integrity: sha512-qSVyDTeMotdvQYoHWLNGwRFJHC+i+ZvdBRYosOFgC+Wg1vx4frN2/RG/NA7SYqqvKNLf39P2LSRA2pu6n0XYZA==}
    engines: {node: '>= 12.0.0'}
    peerDependencies:
      '@babel/core': '*'
      babel-plugin-macros: '*'
      react: '>= 16.8.0 || 17.x.x || ^18.0.0-0 || ^19.0.0-0'
    peerDependenciesMeta:
      '@babel/core':
        optional: true
      babel-plugin-macros:
        optional: true

  tslib@2.8.1:
    resolution: {integrity: sha512-oJFu94HQb+KVduSUQL7wnpmqnfmLsOA/nAh6b6EH0wCEoK0/mPeXU6c3wKDV83MkOuHPRHtSXKKU99IBazS/2w==}

  typescript@5.8.2:
    resolution: {integrity: sha512-aJn6wq13/afZp/jT9QZmwEjDqqvSGp1VT5GVg+f/t6/oVyrgXM6BY1h9BRh/O5p3PlUPAe+WuiEZOmb/49RqoQ==}
    engines: {node: '>=14.17'}
    hasBin: true

  undici-types@6.20.0:
    resolution: {integrity: sha512-Ny6QZ2Nju20vw1SRHe3d9jVu6gJ+4e3+MMpqu7pqE5HT6WsTSlce++GQmK5UXS8mzV8DSYHrQH+Xrf2jVcuKNg==}

  web-vitals@4.2.4:
    resolution: {integrity: sha512-r4DIlprAGwJ7YM11VZp4R884m0Vmgr6EAKe3P+kO0PPj3Unqyvv59rczf6UiGcb9Z8QxZVcqKNwv/g0WNdWwsw==}

  websocket-driver@0.7.5:
    resolution: {integrity: sha512-ZL2+3c7kMBdIRCMz6l8jQMHyGVxj+UL+xVk74Ombiciboca8rHa15L86B19E5oh1pL9Ii/uj54gtsIrZGMo6zA==}
    engines: {node: '>=0.8.0'}

  websocket-extensions@0.1.4:
    resolution: {integrity: sha512-OqedPIGOfsDlo31UNwYbCFMSaO9m9G/0faIHj5/dZFDMFqPTcx6UwqyOy3COEaEOg/9VsGIpdqn62W5KhoKSpg==}
    engines: {node: '>=0.8.0'}

  wrap-ansi@7.0.0:
    resolution: {integrity: sha512-YVGIj2kamLSTxw6NsZjoBxfSwsn0ycdesmc4p+Q21c5zPuZ1pl+NfxVdxPtdHvmNVOQ6XSYG4AUtyt/Fi7D16Q==}
    engines: {node: '>=10'}

  y18n@5.0.8:
    resolution: {integrity: sha512-0pfFzegeDWJHJIAmTLRP2DwHjdF5s7jo9tuztdQxAhINCdvS+3nGINqPd00AphqJR/0LhANUS6/+7SCb98YOfA==}
    engines: {node: '>=10'}

  yargs-parser@21.1.1:
    resolution: {integrity: sha512-tVpsJW7DdjecAiFpbIB1e3qxIQsE6NoPc5/eTdrbbIC4h0LVsWhnoa3g+m2HclBIujHzsxZ4VJVA+GUuc2/LBw==}
    engines: {node: '>=12'}

  yargs@17.7.3:
    resolution: {integrity: sha512-GZtjxm/J/4TSxuL3FNYjCmLktBTnIw/rVmKSIyKeYAZpmJB2ig9VauCC5xsa82GNKVKDAqpOn3KVzNt0zmrU0g==}
    engines: {node: '>=12'}

snapshots:

  '@emnapi/runtime@1.7.1':
    dependencies:
      tslib: 2.8.1
    optional: true

  '@firebase/ai@2.16.0(@firebase/app-types@0.9.6)(@firebase/app@0.16.2)':
    dependencies:
      '@firebase/app': 0.16.2
      '@firebase/app-check-interop-types': 0.3.5
      '@firebase/app-types': 0.9.6
      '@firebase/component': 0.7.5
      '@firebase/logger': 0.5.2
      '@firebase/util': 1.15.3
      tslib: 2.8.1

  '@firebase/analytics-compat@0.2.31(@firebase/app-compat@0.5.18)(@firebase/app@0.16.2)':
    dependencies:
      '@firebase/analytics': 0.10.25(@firebase/app@0.16.2)
      '@firebase/analytics-types': 0.8.5
      '@firebase/app': 0.16.2
      '@firebase/app-compat': 0.5.18
      '@firebase/component': 0.7.5
      '@firebase/util': 1.15.3
      tslib: 2.8.1

  '@firebase/analytics-types@0.8.5': {}

  '@firebase/analytics@0.10.25(@firebase/app@0.16.2)':
    dependencies:
      '@firebase/app': 0.16.2
      '@firebase/component': 0.7.5
      '@firebase/installations': 0.6.24(@firebase/app@0.16.2)
      '@firebase/logger': 0.5.2
      '@firebase/util': 1.15.3
      tslib: 2.8.1

  '@firebase/app-check-compat@0.4.7(@firebase/app-compat@0.5.18)(@firebase/app@0.16.2)':
    dependencies:
      '@firebase/app': 0.16.2
      '@firebase/app-check': 0.13.1(@firebase/app@0.16.2)
      '@firebase/app-check-types': 0.5.5
      '@firebase/app-compat': 0.5.18
      '@firebase/component': 0.7.5
      '@firebase/logger': 0.5.2
      '@firebase/util': 1.15.3
      tslib: 2.8.1

  '@firebase/app-check-interop-types@0.3.5': {}

  '@firebase/app-check-types@0.5.5': {}

  '@firebase/app-check@0.13.1(@firebase/app@0.16.2)':
    dependencies:
      '@firebase/app': 0.16.2
      '@firebase/component': 0.7.5
      '@firebase/logger': 0.5.2
      '@firebase/util': 1.15.3
      tslib: 2.8.1

  '@firebase/app-compat@0.5.18':
    dependencies:
      '@firebase/app': 0.16.2
      '@firebase/component': 0.7.5
      '@firebase/logger': 0.5.2
      '@firebase/util': 1.15.3
      tslib: 2.8.1

  '@firebase/app-types@0.9.6':
    dependencies:
      '@firebase/logger': 0.5.2

  '@firebase/app@0.16.2':
    dependencies:
      '@firebase/component': 0.7.5
      '@firebase/logger': 0.5.2
      '@firebase/util': 1.15.3
      idb: 7.1.1
      tslib: 2.8.1

  '@firebase/auth-compat@0.6.11(@firebase/app-compat@0.5.18)(@firebase/app-types@0.9.6)(@firebase/app@0.16.2)':
    dependencies:
      '@firebase/app': 0.16.2
      '@firebase/app-compat': 0.5.18
      '@firebase/auth': 1.13.6(@firebase/app@0.16.2)
      '@firebase/auth-types': 0.13.2(@firebase/app-types@0.9.6)(@firebase/util@1.15.3)
      '@firebase/component': 0.7.5
      '@firebase/util': 1.15.3
      tslib: 2.8.1
    transitivePeerDependencies:
      - '@firebase/app-types'
      - '@react-native-async-storage/async-storage'

  '@firebase/auth-interop-types@0.2.6': {}

  '@firebase/auth-types@0.13.2(@firebase/app-types@0.9.6)(@firebase/util@1.15.3)':
    dependencies:
      '@firebase/app-types': 0.9.6
      '@firebase/util': 1.15.3

  '@firebase/auth@1.13.6(@firebase/app@0.16.2)':
    dependencies:
      '@firebase/app': 0.16.2
      '@firebase/component': 0.7.5
      '@firebase/logger': 0.5.2
      '@firebase/util': 1.15.3
      tslib: 2.8.1

  '@firebase/component@0.7.5':
    dependencies:
      '@firebase/util': 1.15.3
      tslib: 2.8.1

  '@firebase/data-connect@0.7.4(@firebase/app@0.16.2)':
    dependencies:
      '@firebase/app': 0.16.2
      '@firebase/auth-interop-types': 0.2.6
      '@firebase/component': 0.7.5
      '@firebase/logger': 0.5.2
      '@firebase/util': 1.15.3
      tslib: 2.8.1

  '@firebase/database-compat@2.1.7(@firebase/app-compat@0.5.18)(@firebase/app@0.16.2)':
    dependencies:
      '@firebase/component': 0.7.5
      '@firebase/database': 1.1.5
      '@firebase/database-types': 1.0.22
      '@firebase/logger': 0.5.2
      '@firebase/util': 1.15.3
      tslib: 2.8.1
    optionalDependencies:
      '@firebase/app': 0.16.2
      '@firebase/app-compat': 0.5.18

  '@firebase/database-types@1.0.22':
    dependencies:
      '@firebase/app-types': 0.9.6
      '@firebase/util': 1.15.3

  '@firebase/database@1.1.5':
    dependencies:
      '@firebase/app-check-interop-types': 0.3.5
      '@firebase/auth-interop-types': 0.2.6
      '@firebase/component': 0.7.5
      '@firebase/logger': 0.5.2
      '@firebase/util': 1.15.3
      faye-websocket: 0.11.4
      tslib: 2.8.1

  '@firebase/firestore-compat@0.4.14(@firebase/app-compat@0.5.18)(@firebase/app-types@0.9.6)(@firebase/app@0.16.2)':
    dependencies:
      '@firebase/app': 0.16.2
      '@firebase/app-compat': 0.5.18
      '@firebase/component': 0.7.5
      '@firebase/firestore': 4.17.2(@firebase/app@0.16.2)
      '@firebase/firestore-types': 3.0.5(@firebase/app-types@0.9.6)(@firebase/util@1.15.3)
      '@firebase/util': 1.15.3
      tslib: 2.8.1
    transitivePeerDependencies:
      - '@firebase/app-types'

  '@firebase/firestore-types@3.0.5(@firebase/app-types@0.9.6)(@firebase/util@1.15.3)':
    dependencies:
      '@firebase/app-types': 0.9.6
      '@firebase/util': 1.15.3

  '@firebase/firestore@4.17.2(@firebase/app@0.16.2)':
    dependencies:
      '@firebase/app': 0.16.2
      '@firebase/component': 0.7.5
      '@firebase/logger': 0.5.2
      '@firebase/util': 1.15.3
      '@firebase/webchannel-wrapper': 1.0.7
      '@grpc/grpc-js': 1.9.16
      '@grpc/proto-loader': 0.7.15
      re2js: 2.8.6
      tslib: 2.8.1

  '@firebase/functions-compat@0.5.0(@firebase/app-compat@0.5.18)(@firebase/app@0.16.2)':
    dependencies:
      '@firebase/app': 0.16.2
      '@firebase/app-compat': 0.5.18
      '@firebase/component': 0.7.5
      '@firebase/functions': 0.14.0(@firebase/app@0.16.2)
      '@firebase/functions-types': 0.6.5
      '@firebase/util': 1.15.3
      tslib: 2.8.1

  '@firebase/functions-types@0.6.5': {}

  '@firebase/functions@0.14.0(@firebase/app@0.16.2)':
    dependencies:
      '@firebase/app': 0.16.2
      '@firebase/app-check-interop-types': 0.3.5
      '@firebase/auth-interop-types': 0.2.6
      '@firebase/component': 0.7.5
      '@firebase/messaging-interop-types': 0.2.6
      '@firebase/util': 1.15.3
      tslib: 2.8.1

  '@firebase/installations-compat@0.2.24(@firebase/app-compat@0.5.18)(@firebase/app-types@0.9.6)(@firebase/app@0.16.2)':
    dependencies:
      '@firebase/app': 0.16.2
      '@firebase/app-compat': 0.5.18
      '@firebase/component': 0.7.5
      '@firebase/installations': 0.6.24(@firebase/app@0.16.2)
      '@firebase/installations-types': 0.5.5(@firebase/app-types@0.9.6)
      '@firebase/util': 1.15.3
      tslib: 2.8.1
    transitivePeerDependencies:
      - '@firebase/app-types'

  '@firebase/installations-types@0.5.5(@firebase/app-types@0.9.6)':
    dependencies:
      '@firebase/app-types': 0.9.6

  '@firebase/installations@0.6.24(@firebase/app@0.16.2)':
    dependencies:
      '@firebase/app': 0.16.2
      '@firebase/component': 0.7.5
      '@firebase/util': 1.15.3
      idb: 7.1.1
      tslib: 2.8.1

  '@firebase/logger@0.5.2':
    dependencies:
      tslib: 2.8.1

  '@firebase/messaging-compat@0.2.30(@firebase/app-compat@0.5.18)(@firebase/app@0.16.2)':
    dependencies:
      '@firebase/app': 0.16.2
      '@firebase/app-compat': 0.5.18
      '@firebase/component': 0.7.5
      '@firebase/messaging': 0.13.3(@firebase/app@0.16.2)
      '@firebase/util': 1.15.3
      tslib: 2.8.1

  '@firebase/messaging-interop-types@0.2.6': {}

  '@firebase/messaging@0.13.3(@firebase/app@0.16.2)':
    dependencies:
      '@firebase/app': 0.16.2
      '@firebase/component': 0.7.5
      '@firebase/installations': 0.6.24(@firebase/app@0.16.2)
      '@firebase/messaging-interop-types': 0.2.6
      '@firebase/util': 1.15.3
      idb: 7.1.1
      tslib: 2.8.1

  '@firebase/performance-compat@0.2.27(@firebase/app-compat@0.5.18)(@firebase/app@0.16.2)':
    dependencies:
      '@firebase/app': 0.16.2
      '@firebase/app-compat': 0.5.18
      '@firebase/component': 0.7.5
      '@firebase/logger': 0.5.2
      '@firebase/performance': 0.7.14(@firebase/app@0.16.2)
      '@firebase/performance-types': 0.2.5
      '@firebase/util': 1.15.3
      tslib: 2.8.1

  '@firebase/performance-types@0.2.5': {}

  '@firebase/performance@0.7.14(@firebase/app@0.16.2)':
    dependencies:
      '@firebase/app': 0.16.2
      '@firebase/component': 0.7.5
      '@firebase/installations': 0.6.24(@firebase/app@0.16.2)
      '@firebase/logger': 0.5.2
      '@firebase/util': 1.15.3
      tslib: 2.8.1
      web-vitals: 4.2.4

  '@firebase/remote-config-compat@0.2.29(@firebase/app-compat@0.5.18)(@firebase/app@0.16.2)':
    dependencies:
      '@firebase/app': 0.16.2
      '@firebase/app-compat': 0.5.18
      '@firebase/component': 0.7.5
      '@firebase/logger': 0.5.2
      '@firebase/remote-config': 0.9.2(@firebase/app@0.16.2)
      '@firebase/remote-config-types': 0.5.2
      '@firebase/util': 1.15.3
      tslib: 2.8.1

  '@firebase/remote-config-types@0.5.2': {}

  '@firebase/remote-config@0.9.2(@firebase/app@0.16.2)':
    dependencies:
      '@firebase/app': 0.16.2
      '@firebase/component': 0.7.5
      '@firebase/installations': 0.6.24(@firebase/app@0.16.2)
      '@firebase/logger': 0.5.2
      '@firebase/util': 1.15.3
      tslib: 2.8.1

  '@firebase/storage-compat@0.4.5(@firebase/app-compat@0.5.18)(@firebase/app-types@0.9.6)(@firebase/app@0.16.2)':
    dependencies:
      '@firebase/app': 0.16.2
      '@firebase/app-compat': 0.5.18
      '@firebase/component': 0.7.5
      '@firebase/storage': 0.14.5(@firebase/app@0.16.2)
      '@firebase/storage-types': 0.8.5(@firebase/app-types@0.9.6)(@firebase/util@1.15.3)
      '@firebase/util': 1.15.3
      tslib: 2.8.1
    transitivePeerDependencies:
      - '@firebase/app-types'

  '@firebase/storage-types@0.8.5(@firebase/app-types@0.9.6)(@firebase/util@1.15.3)':
    dependencies:
      '@firebase/app-types': 0.9.6
      '@firebase/util': 1.15.3

  '@firebase/storage@0.14.5(@firebase/app@0.16.2)':
    dependencies:
      '@firebase/app': 0.16.2
      '@firebase/component': 0.7.5
      '@firebase/util': 1.15.3
      tslib: 2.8.1

  '@firebase/util@1.15.3':
    dependencies:
      tslib: 2.8.1

  '@firebase/webchannel-wrapper@1.0.7': {}

  '@grpc/grpc-js@1.9.16':
    dependencies:
      '@grpc/proto-loader': 0.7.15
      '@types/node': 22.13.10

  '@grpc/proto-loader@0.7.15':
    dependencies:
      lodash.camelcase: 4.3.0
      long: 5.3.2
      protobufjs: 7.6.6
      yargs: 17.7.3

  '@img/colour@1.0.0':
    optional: true

  '@img/sharp-darwin-arm64@0.34.5':
    optionalDependencies:
      '@img/sharp-libvips-darwin-arm64': 1.2.4
    optional: true

  '@img/sharp-darwin-x64@0.34.5':
    optionalDependencies:
      '@img/sharp-libvips-darwin-x64': 1.2.4
    optional: true

  '@img/sharp-libvips-darwin-arm64@1.2.4':
    optional: true

  '@img/sharp-libvips-darwin-x64@1.2.4':
    optional: true

  '@img/sharp-libvips-linux-arm64@1.2.4':
    optional: true

  '@img/sharp-libvips-linux-arm@1.2.4':
    optional: true

  '@img/sharp-libvips-linux-ppc64@1.2.4':
    optional: true

  '@img/sharp-libvips-linux-riscv64@1.2.4':
    optional: true

  '@img/sharp-libvips-linux-s390x@1.2.4':
    optional: true

  '@img/sharp-libvips-linux-x64@1.2.4':
    optional: true

  '@img/sharp-libvips-linuxmusl-arm64@1.2.4':
    optional: true

  '@img/sharp-libvips-linuxmusl-x64@1.2.4':
    optional: true

  '@img/sharp-linux-arm64@0.34.5':
    optionalDependencies:
      '@img/sharp-libvips-linux-arm64': 1.2.4
    optional: true

  '@img/sharp-linux-arm@0.34.5':
    optionalDependencies:
      '@img/sharp-libvips-linux-arm': 1.2.4
    optional: true

  '@img/sharp-linux-ppc64@0.34.5':
    optionalDependencies:
      '@img/sharp-libvips-linux-ppc64': 1.2.4
    optional: true

  '@img/sharp-linux-riscv64@0.34.5':
    optionalDependencies:
      '@img/sharp-libvips-linux-riscv64': 1.2.4
    optional: true

  '@img/sharp-linux-s390x@0.34.5':
    optionalDependencies:
      '@img/sharp-libvips-linux-s390x': 1.2.4
    optional: true

  '@img/sharp-linux-x64@0.34.5':
    optionalDependencies:
      '@img/sharp-libvips-linux-x64': 1.2.4
    optional: true

  '@img/sharp-linuxmusl-arm64@0.34.5':
    optionalDependencies:
      '@img/sharp-libvips-linuxmusl-arm64': 1.2.4
    optional: true

  '@img/sharp-linuxmusl-x64@0.34.5':
    optionalDependencies:
      '@img/sharp-libvips-linuxmusl-x64': 1.2.4
    optional: true

  '@img/sharp-wasm32@0.34.5':
    dependencies:
      '@emnapi/runtime': 1.7.1
    optional: true

  '@img/sharp-win32-arm64@0.34.5':
    optional: true

  '@img/sharp-win32-ia32@0.34.5':
    optional: true

  '@img/sharp-win32-x64@0.34.5':
    optional: true

  '@next/env@15.6.0-canary.60': {}

  '@next/swc-darwin-arm64@15.6.0-canary.58':
    optional: true

  '@next/swc-darwin-x64@15.6.0-canary.58':
    optional: true

  '@next/swc-linux-arm64-gnu@15.6.0-canary.58':
    optional: true

  '@next/swc-linux-arm64-musl@15.6.0-canary.58':
    optional: true

  '@next/swc-linux-x64-gnu@15.6.0-canary.58':
    optional: true

  '@next/swc-linux-x64-musl@15.6.0-canary.58':
    optional: true

  '@next/swc-win32-arm64-msvc@15.6.0-canary.58':
    optional: true

  '@next/swc-win32-x64-msvc@15.6.0-canary.58':
    optional: true

  '@protobufjs/aspromise@1.1.2': {}

  '@protobufjs/base64@1.1.2': {}

  '@protobufjs/codegen@2.0.5': {}

  '@protobufjs/eventemitter@1.1.1': {}

  '@protobufjs/fetch@1.1.1':
    dependencies:
      '@protobufjs/aspromise': 1.1.2

  '@protobufjs/float@1.0.2': {}

  '@protobufjs/path@1.1.2': {}

  '@protobufjs/pool@1.1.0': {}

  '@protobufjs/utf8@1.1.2': {}

  '@swc/helpers@0.5.15':
    dependencies:
      tslib: 2.8.1

  '@types/node@22.13.10':
    dependencies:
      undici-types: 6.20.0

  '@types/react-dom@19.0.4(@types/react@19.0.12)':
    dependencies:
      '@types/react': 19.0.12

  '@types/react@19.0.12':
    dependencies:
      csstype: 3.1.3

  ansi-regex@5.0.1: {}

  ansi-styles@4.3.0:
    dependencies:
      color-convert: 2.0.1

  caniuse-lite@1.0.30001706: {}

  client-only@0.0.1: {}

  cliui@8.0.1:
    dependencies:
      string-width: 4.2.3
      strip-ansi: 6.0.1
      wrap-ansi: 7.0.0

  color-convert@2.0.1:
    dependencies:
      color-name: 1.1.4

  color-name@1.1.4: {}

  csstype@3.1.3: {}

  detect-libc@2.1.2:
    optional: true

  emoji-regex@8.0.0: {}

  escalade@3.2.0: {}

  faye-websocket@0.11.4:
    dependencies:
      websocket-driver: 0.7.5

  firebase@12.19.0:
    dependencies:
      '@firebase/ai': 2.16.0(@firebase/app-types@0.9.6)(@firebase/app@0.16.2)
      '@firebase/analytics': 0.10.25(@firebase/app@0.16.2)
      '@firebase/analytics-compat': 0.2.31(@firebase/app-compat@0.5.18)(@firebase/app@0.16.2)
      '@firebase/app': 0.16.2
      '@firebase/app-check': 0.13.1(@firebase/app@0.16.2)
      '@firebase/app-check-compat': 0.4.7(@firebase/app-compat@0.5.18)(@firebase/app@0.16.2)
      '@firebase/app-compat': 0.5.18
      '@firebase/app-types': 0.9.6
      '@firebase/auth': 1.13.6(@firebase/app@0.16.2)
      '@firebase/auth-compat': 0.6.11(@firebase/app-compat@0.5.18)(@firebase/app-types@0.9.6)(@firebase/app@0.16.2)
      '@firebase/data-connect': 0.7.4(@firebase/app@0.16.2)
      '@firebase/database': 1.1.5
      '@firebase/database-compat': 2.1.7(@firebase/app-compat@0.5.18)(@firebase/app@0.16.2)
      '@firebase/firestore': 4.17.2(@firebase/app@0.16.2)
      '@firebase/firestore-compat': 0.4.14(@firebase/app-compat@0.5.18)(@firebase/app-types@0.9.6)(@firebase/app@0.16.2)
      '@firebase/functions': 0.14.0(@firebase/app@0.16.2)
      '@firebase/functions-compat': 0.5.0(@firebase/app-compat@0.5.18)(@firebase/app@0.16.2)
      '@firebase/installations': 0.6.24(@firebase/app@0.16.2)
      '@firebase/installations-compat': 0.2.24(@firebase/app-compat@0.5.18)(@firebase/app-types@0.9.6)(@firebase/app@0.16.2)
      '@firebase/messaging': 0.13.3(@firebase/app@0.16.2)
      '@firebase/messaging-compat': 0.2.30(@firebase/app-compat@0.5.18)(@firebase/app@0.16.2)
      '@firebase/performance': 0.7.14(@firebase/app@0.16.2)
      '@firebase/performance-compat': 0.2.27(@firebase/app-compat@0.5.18)(@firebase/app@0.16.2)
      '@firebase/remote-config': 0.9.2(@firebase/app@0.16.2)
      '@firebase/remote-config-compat': 0.2.29(@firebase/app-compat@0.5.18)(@firebase/app@0.16.2)
      '@firebase/storage': 0.14.5(@firebase/app@0.16.2)
      '@firebase/storage-compat': 0.4.5(@firebase/app-compat@0.5.18)(@firebase/app-types@0.9.6)(@firebase/app@0.16.2)
      '@firebase/util': 1.15.3
    transitivePeerDependencies:
      - '@react-native-async-storage/async-storage'

  get-caller-file@2.0.5: {}

  http-parser-js@0.5.10: {}

  idb@7.1.1: {}

  is-fullwidth-code-point@3.0.0: {}

  lodash.camelcase@4.3.0: {}

  long@5.3.2: {}

  nanoid@3.3.11: {}

  next@15.6.0-canary.60(react-dom@19.0.0(react@19.0.0))(react@19.0.0):
    dependencies:
      '@next/env': 15.6.0-canary.60
      '@swc/helpers': 0.5.15
      caniuse-lite: 1.0.30001706
      postcss: 8.4.31
      react: 19.0.0
      react-dom: 19.0.0(react@19.0.0)
      styled-jsx: 5.1.6(react@19.0.0)
    optionalDependencies:
      '@next/swc-darwin-arm64': 15.6.0-canary.58
      '@next/swc-darwin-x64': 15.6.0-canary.58
      '@next/swc-linux-arm64-gnu': 15.6.0-canary.58
      '@next/swc-linux-arm64-musl': 15.6.0-canary.58
      '@next/swc-linux-x64-gnu': 15.6.0-canary.58
      '@next/swc-linux-x64-musl': 15.6.0-canary.58
      '@next/swc-win32-arm64-msvc': 15.6.0-canary.58
      '@next/swc-win32-x64-msvc': 15.6.0-canary.58
      sharp: 0.34.5
    transitivePeerDependencies:
      - '@babel/core'
      - babel-plugin-macros

  picocolors@1.1.1: {}

  postcss@8.4.31:
    dependencies:
      nanoid: 3.3.11
      picocolors: 1.1.1
      source-map-js: 1.2.1

  protobufjs@7.6.6:
    dependencies:
      '@protobufjs/aspromise': 1.1.2
      '@protobufjs/base64': 1.1.2
      '@protobufjs/codegen': 2.0.5
      '@protobufjs/eventemitter': 1.1.1
      '@protobufjs/fetch': 1.1.1
      '@protobufjs/float': 1.0.2
      '@protobufjs/path': 1.1.2
      '@protobufjs/pool': 1.1.0
      '@protobufjs/utf8': 1.1.2
      '@types/node': 22.13.10
      long: 5.3.2

  re2js@2.8.6: {}

  react-dom@19.0.0(react@19.0.0):
    dependencies:
      react: 19.0.0
      scheduler: 0.25.0

  react@19.0.0: {}

  require-directory@2.1.1: {}

  safe-buffer@5.2.1: {}

  scheduler@0.25.0: {}

  semver@7.7.3:
    optional: true

  sharp@0.34.5:
    dependencies:
      '@img/colour': 1.0.0
      detect-libc: 2.1.2
      semver: 7.7.3
    optionalDependencies:
      '@img/sharp-darwin-arm64': 0.34.5
      '@img/sharp-darwin-x64': 0.34.5
      '@img/sharp-libvips-darwin-arm64': 1.2.4
      '@img/sharp-libvips-darwin-x64': 1.2.4
      '@img/sharp-libvips-linux-arm': 1.2.4
      '@img/sharp-libvips-linux-arm64': 1.2.4
      '@img/sharp-libvips-linux-ppc64': 1.2.4
      '@img/sharp-libvips-linux-riscv64': 1.2.4
      '@img/sharp-libvips-linux-s390x': 1.2.4
      '@img/sharp-libvips-linux-x64': 1.2.4
      '@img/sharp-libvips-linuxmusl-arm64': 1.2.4
      '@img/sharp-libvips-linuxmusl-x64': 1.2.4
      '@img/sharp-linux-arm': 0.34.5
      '@img/sharp-linux-arm64': 0.34.5
      '@img/sharp-linux-ppc64': 0.34.5
      '@img/sharp-linux-riscv64': 0.34.5
      '@img/sharp-linux-s390x': 0.34.5
      '@img/sharp-linux-x64': 0.34.5
      '@img/sharp-linuxmusl-arm64': 0.34.5
      '@img/sharp-linuxmusl-x64': 0.34.5
      '@img/sharp-wasm32': 0.34.5
      '@img/sharp-win32-arm64': 0.34.5
      '@img/sharp-win32-ia32': 0.34.5
      '@img/sharp-win32-x64': 0.34.5
    optional: true

  source-map-js@1.2.1: {}

  string-width@4.2.3:
    dependencies:
      emoji-regex: 8.0.0
      is-fullwidth-code-point: 3.0.0
      strip-ansi: 6.0.1

  strip-ansi@6.0.1:
    dependencies:
      ansi-regex: 5.0.1

  styled-jsx@5.1.6(react@19.0.0):
    dependencies:
      client-only: 0.0.1
      react: 19.0.0

  tslib@2.8.1: {}

  typescript@5.8.2: {}

  undici-types@6.20.0: {}

  web-vitals@4.2.4: {}

  websocket-driver@0.7.5:
    dependencies:
      http-parser-js: 0.5.10
      safe-buffer: 5.2.1
      websocket-extensions: 0.1.4

  websocket-extensions@0.1.4: {}

  wrap-ansi@7.0.0:
    dependencies:
      ansi-styles: 4.3.0
      string-width: 4.2.3
      strip-ansi: 6.0.1

  y18n@5.0.8: {}

  yargs-parser@21.1.1: {}

  yargs@17.7.3:
    dependencies:
      cliui: 8.0.1
      escalade: 3.2.0
      get-caller-file: 2.0.5
      require-directory: 2.1.1
      string-width: 4.2.3
      y18n: 5.0.8
      yargs-parser: 21.1.1
